
Microsoft Visual Studio Solution File, Format Version 12.00
# Visual Studio Version 17
VisualStudioVersion = 17.4.33205.214
MinimumVisualStudioVersion = 10.0.40219.1
Project("{8BC9CEB8-8B4A-11D0-8D11-00A0C91BC942}") = "Best Time to Buy and Sell Stock II", "Best Time to Buy and Sell Stock II\Best Time to Buy and Sell Stock II.vcxproj", "{23CE076C-AFF7-4174-9892-FF28946A1D18}"
EndProject
Global
	GlobalSection(SolutionConfigurationPlatforms) = preSolution
		Debug|x64 = Debug|x64
		Debug|x86 = Debug|x86
		Release|x64 = Release|x64
		Release|x86 = Release|x86
	EndGlobalSection
	GlobalSection(ProjectConfigurationPlatforms) = postSolution
		{23CE076C-AFF7-4174-9892-FF28946A1D18}.Debug|x64.ActiveCfg = Debug|x64
		{23CE076C-AFF7-4174-9892-FF28946A1D18}.Debug|x64.Build.0 = Debug|x64
		{23CE076C-AFF7-4174-9892-FF28946A1D18}.Debug|x86.ActiveCfg = Debug|Win32
		{23CE076C-AFF7-4174-9892-FF28946A1D18}.Debug|x86.Build.0 = Debug|Win32
		{23CE076C-AFF7-4174-9892-FF28946A1D18}.Release|x64.ActiveCfg = Release|x64
		{23CE076C-AFF7-4174-9892-FF28946A1D18}.Release|x64.Build.0 = Release|x64
		{23CE076C-AFF7-4174-9892-FF28946A1D18}.Release|x86.ActiveCfg = Release|Win32
		{23CE076C-AFF7-4174-9892-FF28946A1D18}.Release|x86.Build.0 = Release|Win32
	EndGlobalSection
	GlobalSection(SolutionProperties) = preSolution
		HideSolutionNode = FALSE
	EndGlobalSection
	GlobalSection(ExtensibilityGlobals) = postSolution
		SolutionGuid = {09A1C776-F99E-4BC2-9FD4-3C492C1ECC4A}
	EndGlobalSection
EndGlobal
