
Microsoft Visual Studio Solution File, Format Version 12.00
# Visual Studio Version 17
VisualStudioVersion = 17.0.32112.339
MinimumVisualStudioVersion = 10.0.40219.1
Project("{FAE04EC0-301F-11D3-BF4B-00C04F79EFBC}") = "Counting Bits", "Counting Bits\Counting Bits.csproj", "{678FC7E5-1E57-4708-8FEA-FE255368896A}"
EndProject
Global
	GlobalSection(SolutionConfigurationPlatforms) = preSolution
		Debug|Any CPU = Debug|Any CPU
		Release|Any CPU = Release|Any CPU
	EndGlobalSection
	GlobalSection(ProjectConfigurationPlatforms) = postSolution
		{678FC7E5-1E57-4708-8FEA-FE255368896A}.Debug|Any CPU.ActiveCfg = Debug|Any CPU
		{678FC7E5-1E57-4708-8FEA-FE255368896A}.Debug|Any CPU.Build.0 = Debug|Any CPU
		{678FC7E5-1E57-4708-8FEA-FE255368896A}.Release|Any CPU.ActiveCfg = Release|Any CPU
		{678FC7E5-1E57-4708-8FEA-FE255368896A}.Release|Any CPU.Build.0 = Release|Any CPU
	EndGlobalSection
	GlobalSection(SolutionProperties) = preSolution
		HideSolutionNode = FALSE
	EndGlobalSection
	GlobalSection(ExtensibilityGlobals) = postSolution
		SolutionGuid = {36C51BC4-94AD-4FB8-B63F-C0FC1BCAA140}
	EndGlobalSection
EndGlobal
