
Microsoft Visual Studio Solution File, Format Version 12.00
# Visual Studio Version 17
VisualStudioVersion = 17.0.32112.339
MinimumVisualStudioVersion = 10.0.40219.1
Project("{FAE04EC0-301F-11D3-BF4B-00C04F79EFBC}") = "Minimum Path Sum", "Minimum Path Sum\Minimum Path Sum.csproj", "{689AD8B9-8F08-45DA-AAC4-804C4B1B9EBE}"
EndProject
Global
	GlobalSection(SolutionConfigurationPlatforms) = preSolution
		Debug|Any CPU = Debug|Any CPU
		Release|Any CPU = Release|Any CPU
	EndGlobalSection
	GlobalSection(ProjectConfigurationPlatforms) = postSolution
		{689AD8B9-8F08-45DA-AAC4-804C4B1B9EBE}.Debug|Any CPU.ActiveCfg = Debug|Any CPU
		{689AD8B9-8F08-45DA-AAC4-804C4B1B9EBE}.Debug|Any CPU.Build.0 = Debug|Any CPU
		{689AD8B9-8F08-45DA-AAC4-804C4B1B9EBE}.Release|Any CPU.ActiveCfg = Release|Any CPU
		{689AD8B9-8F08-45DA-AAC4-804C4B1B9EBE}.Release|Any CPU.Build.0 = Release|Any CPU
	EndGlobalSection
	GlobalSection(SolutionProperties) = preSolution
		HideSolutionNode = FALSE
	EndGlobalSection
	GlobalSection(ExtensibilityGlobals) = postSolution
		SolutionGuid = {0045334D-5FAD-4B8F-BE29-356E03622534}
	EndGlobalSection
EndGlobal
