
Microsoft Visual Studio Solution File, Format Version 12.00
# Visual Studio Version 17
VisualStudioVersion = 17.0.32112.339
MinimumVisualStudioVersion = 10.0.40219.1
Project("{FAE04EC0-301F-11D3-BF4B-00C04F79EFBC}") = "Longest Palindromic Substring", "Longest Palindromic Substring\Longest Palindromic Substring.csproj", "{04CD5D37-700A-4618-9B25-97D1C26D2670}"
EndProject
Global
	GlobalSection(SolutionConfigurationPlatforms) = preSolution
		Debug|Any CPU = Debug|Any CPU
		Release|Any CPU = Release|Any CPU
	EndGlobalSection
	GlobalSection(ProjectConfigurationPlatforms) = postSolution
		{04CD5D37-700A-4618-9B25-97D1C26D2670}.Debug|Any CPU.ActiveCfg = Debug|Any CPU
		{04CD5D37-700A-4618-9B25-97D1C26D2670}.Debug|Any CPU.Build.0 = Debug|Any CPU
		{04CD5D37-700A-4618-9B25-97D1C26D2670}.Release|Any CPU.ActiveCfg = Release|Any CPU
		{04CD5D37-700A-4618-9B25-97D1C26D2670}.Release|Any CPU.Build.0 = Release|Any CPU
	EndGlobalSection
	GlobalSection(SolutionProperties) = preSolution
		HideSolutionNode = FALSE
	EndGlobalSection
	GlobalSection(ExtensibilityGlobals) = postSolution
		SolutionGuid = {BD2B7D91-4B73-4195-815D-CE4679F20C60}
	EndGlobalSection
EndGlobal
